# Pin for ai-gateway-controller e2e (models-as-a-service).
# Includes payloadPreProcessing config + resource override E2E (RHOAIENG-97731 / PR #1602).
# Override for one-off runs: MAAS_COMMIT=<sha> ./test/e2e/scripts/prow_run_ai_gateway_controller_test.sh
maas_repo=https://github.com/opendatahub-io/models-as-a-service
maas_commit=8f33c1507207e928a87d2264397c3555b6753463
maas_ref=feat/payload-pre-processing-config
updated_at=2026-10-02T15:45:55Z
